
Microsoft Visual Studio Solution File, Format Version 12.00
# Visual Studio Version 17
VisualStudioVersion = 17.3.32929.385
MinimumVisualStudioVersion = 10.0.40219.1
Project("{FAE04EC0-301F-11D3-BF4B-00C04F79EFBC}") = "ClassLibrary1", "ClassLibrary1\ClassLibrary1.csproj", "{CD431548-AED4-43C5-9207-0C03F3B21BFA}"
EndProject
Project("{2150E333-8FDC-42A3-9474-1A3956D46DE8}") = "UCBSocket", "UCBSocket", "{CA4EA39C-39EA-488E-85CE-AF2380D611E4}"
EndProject
Project("{FAE04EC0-301F-11D3-BF4B-00C04F79EFBC}") = "UCBSocket", "UCBSocket\UCBSocket.csproj", "{73537B8D-6F53-4D64-9E2C-26F18B97B872}"
EndProject
Project("{FAE04EC0-301F-11D3-BF4B-00C04F79EFBC}") = "TestClient", "TestClient\TestClient.csproj", "{7AFE1C94-054E-4451-B212-3D7BE64B5386}"
EndProject
Project("{FAE04EC0-301F-11D3-BF4B-00C04F79EFBC}") = "TestServer", "TestServer\TestServer.csproj", "{41F65D2E-2EA8-4AAF-BEC2-A51BB42F05BC}"
EndProject
Global
	GlobalSection(SolutionConfigurationPlatforms) = preSolution
		Debug|Any CPU = Debug|Any CPU
		Release|Any CPU = Release|Any CPU
	EndGlobalSection
	GlobalSection(ProjectConfigurationPlatforms) = postSolution
		{CD431548-AED4-43C5-9207-0C03F3B21BFA}.Debug|Any CPU.ActiveCfg = Debug|Any CPU
		{CD431548-AED4-43C5-9207-0C03F3B21BFA}.Debug|Any CPU.Build.0 = Debug|Any CPU
		{CD431548-AED4-43C5-9207-0C03F3B21BFA}.Release|Any CPU.ActiveCfg = Release|Any CPU
		{CD431548-AED4-43C5-9207-0C03F3B21BFA}.Release|Any CPU.Build.0 = Release|Any CPU
		{73537B8D-6F53-4D64-9E2C-26F18B97B872}.Debug|Any CPU.ActiveCfg = Debug|Any CPU
		{73537B8D-6F53-4D64-9E2C-26F18B97B872}.Debug|Any CPU.Build.0 = Debug|Any CPU
		{73537B8D-6F53-4D64-9E2C-26F18B97B872}.Release|Any CPU.ActiveCfg = Release|Any CPU
		{73537B8D-6F53-4D64-9E2C-26F18B97B872}.Release|Any CPU.Build.0 = Release|Any CPU
		{7AFE1C94-054E-4451-B212-3D7BE64B5386}.Debug|Any CPU.ActiveCfg = Debug|Any CPU
		{7AFE1C94-054E-4451-B212-3D7BE64B5386}.Debug|Any CPU.Build.0 = Debug|Any CPU
		{7AFE1C94-054E-4451-B212-3D7BE64B5386}.Release|Any CPU.ActiveCfg = Release|Any CPU
		{7AFE1C94-054E-4451-B212-3D7BE64B5386}.Release|Any CPU.Build.0 = Release|Any CPU
		{41F65D2E-2EA8-4AAF-BEC2-A51BB42F05BC}.Debug|Any CPU.ActiveCfg = Debug|Any CPU
		{41F65D2E-2EA8-4AAF-BEC2-A51BB42F05BC}.Debug|Any CPU.Build.0 = Debug|Any CPU
		{41F65D2E-2EA8-4AAF-BEC2-A51BB42F05BC}.Release|Any CPU.ActiveCfg = Release|Any CPU
		{41F65D2E-2EA8-4AAF-BEC2-A51BB42F05BC}.Release|Any CPU.Build.0 = Release|Any CPU
	EndGlobalSection
	GlobalSection(SolutionProperties) = preSolution
		HideSolutionNode = FALSE
	EndGlobalSection
	GlobalSection(NestedProjects) = preSolution
		{73537B8D-6F53-4D64-9E2C-26F18B97B872} = {CA4EA39C-39EA-488E-85CE-AF2380D611E4}
		{7AFE1C94-054E-4451-B212-3D7BE64B5386} = {CA4EA39C-39EA-488E-85CE-AF2380D611E4}
		{41F65D2E-2EA8-4AAF-BEC2-A51BB42F05BC} = {CA4EA39C-39EA-488E-85CE-AF2380D611E4}
	EndGlobalSection
	GlobalSection(ExtensibilityGlobals) = postSolution
		SolutionGuid = {05EE5EB4-1A12-41CE-A0D3-8D90BED66523}
	EndGlobalSection
EndGlobal
