
Microsoft Visual Studio Solution File, Format Version 12.00
# Visual Studio Version 17
VisualStudioVersion = 17.3.32929.385
MinimumVisualStudioVersion = 10.0.40219.1
Project("{2150E333-8FDC-42A3-9474-1A3956D46DE8}") = "UCBSocket", "UCBSocket", "{CA4EA39C-39EA-488E-85CE-AF2380D611E4}"
EndProject
Project("{2150E333-8FDC-42A3-9474-1A3956D46DE8}") = "Utils", "Utils", "{570D0C8C-BAAA-4807-BB86-89C9A1EF3D43}"
EndProject
Project("{9A19103F-16F7-4668-BE54-9A1E7A4F7556}") = "UCBSocket", "UCBSocket\UCBSocket\UCBSocket.csproj", "{24FA2631-F2BF-4891-86FC-7D4F2CD323BC}"
EndProject
Project("{9A19103F-16F7-4668-BE54-9A1E7A4F7556}") = "TestServer", "UCBSocket\TestServer\TestServer.csproj", "{BEA858FB-19C1-49A9-947E-C67350A4BD45}"
EndProject
Project("{9A19103F-16F7-4668-BE54-9A1E7A4F7556}") = "TestClient", "UCBSocket\TestClient\TestClient.csproj", "{6B68F3B4-6C0D-4B07-A318-950A6669343E}"
EndProject
Project("{FAE04EC0-301F-11D3-BF4B-00C04F79EFBC}") = "WPFUtils", "WPFUtils\WPFUtils.csproj", "{F37EF53A-4ED9-463C-A5D6-2DBCD15A532A}"
EndProject
Project("{2150E333-8FDC-42A3-9474-1A3956D46DE8}") = "BiliBiliLiveRoom", "BiliBiliLiveRoom", "{FC97BB12-B1A2-45EC-B9EF-7E0D8CB8EF75}"
EndProject
Project("{9A19103F-16F7-4668-BE54-9A1E7A4F7556}") = "BiliBiliLiveRoom", "BiliBiliLiveRoom\BiliBiliLiveRoom\BiliBiliLiveRoom.csproj", "{33E50624-8393-4804-B1EB-CD2914A38BC0}"
EndProject
Project("{9A19103F-16F7-4668-BE54-9A1E7A4F7556}") = "BiliBiliLiveRoomWPFDemo", "BiliBiliLiveRoom\BiliBiliLiveRoomWPFDemo\BiliBiliLiveRoomWPFDemo.csproj", "{E3B92AD9-A59E-4C72-8C93-4D78FF476E3D}"
EndProject
Project("{FAE04EC0-301F-11D3-BF4B-00C04F79EFBC}") = "Utils", "Utils\Utils.csproj", "{14FC72A2-9B5A-4BF8-8562-5187B306BFF3}"
EndProject
Global
	GlobalSection(SolutionConfigurationPlatforms) = preSolution
		Debug|Any CPU = Debug|Any CPU
		Release|Any CPU = Release|Any CPU
	EndGlobalSection
	GlobalSection(ProjectConfigurationPlatforms) = postSolution
		{24FA2631-F2BF-4891-86FC-7D4F2CD323BC}.Debug|Any CPU.ActiveCfg = Debug|Any CPU
		{24FA2631-F2BF-4891-86FC-7D4F2CD323BC}.Debug|Any CPU.Build.0 = Debug|Any CPU
		{24FA2631-F2BF-4891-86FC-7D4F2CD323BC}.Release|Any CPU.ActiveCfg = Release|Any CPU
		{24FA2631-F2BF-4891-86FC-7D4F2CD323BC}.Release|Any CPU.Build.0 = Release|Any CPU
		{BEA858FB-19C1-49A9-947E-C67350A4BD45}.Debug|Any CPU.ActiveCfg = Debug|Any CPU
		{BEA858FB-19C1-49A9-947E-C67350A4BD45}.Debug|Any CPU.Build.0 = Debug|Any CPU
		{BEA858FB-19C1-49A9-947E-C67350A4BD45}.Release|Any CPU.ActiveCfg = Release|Any CPU
		{BEA858FB-19C1-49A9-947E-C67350A4BD45}.Release|Any CPU.Build.0 = Release|Any CPU
		{6B68F3B4-6C0D-4B07-A318-950A6669343E}.Debug|Any CPU.ActiveCfg = Debug|Any CPU
		{6B68F3B4-6C0D-4B07-A318-950A6669343E}.Debug|Any CPU.Build.0 = Debug|Any CPU
		{6B68F3B4-6C0D-4B07-A318-950A6669343E}.Release|Any CPU.ActiveCfg = Release|Any CPU
		{6B68F3B4-6C0D-4B07-A318-950A6669343E}.Release|Any CPU.Build.0 = Release|Any CPU
		{F37EF53A-4ED9-463C-A5D6-2DBCD15A532A}.Debug|Any CPU.ActiveCfg = Debug|Any CPU
		{F37EF53A-4ED9-463C-A5D6-2DBCD15A532A}.Debug|Any CPU.Build.0 = Debug|Any CPU
		{F37EF53A-4ED9-463C-A5D6-2DBCD15A532A}.Release|Any CPU.ActiveCfg = Release|Any CPU
		{F37EF53A-4ED9-463C-A5D6-2DBCD15A532A}.Release|Any CPU.Build.0 = Release|Any CPU
		{33E50624-8393-4804-B1EB-CD2914A38BC0}.Debug|Any CPU.ActiveCfg = Debug|Any CPU
		{33E50624-8393-4804-B1EB-CD2914A38BC0}.Debug|Any CPU.Build.0 = Debug|Any CPU
		{33E50624-8393-4804-B1EB-CD2914A38BC0}.Release|Any CPU.ActiveCfg = Release|Any CPU
		{33E50624-8393-4804-B1EB-CD2914A38BC0}.Release|Any CPU.Build.0 = Release|Any CPU
		{E3B92AD9-A59E-4C72-8C93-4D78FF476E3D}.Debug|Any CPU.ActiveCfg = Debug|Any CPU
		{E3B92AD9-A59E-4C72-8C93-4D78FF476E3D}.Debug|Any CPU.Build.0 = Debug|Any CPU
		{E3B92AD9-A59E-4C72-8C93-4D78FF476E3D}.Release|Any CPU.ActiveCfg = Release|Any CPU
		{E3B92AD9-A59E-4C72-8C93-4D78FF476E3D}.Release|Any CPU.Build.0 = Release|Any CPU
		{14FC72A2-9B5A-4BF8-8562-5187B306BFF3}.Debug|Any CPU.ActiveCfg = Debug|Any CPU
		{14FC72A2-9B5A-4BF8-8562-5187B306BFF3}.Debug|Any CPU.Build.0 = Debug|Any CPU
		{14FC72A2-9B5A-4BF8-8562-5187B306BFF3}.Release|Any CPU.ActiveCfg = Release|Any CPU
		{14FC72A2-9B5A-4BF8-8562-5187B306BFF3}.Release|Any CPU.Build.0 = Release|Any CPU
	EndGlobalSection
	GlobalSection(SolutionProperties) = preSolution
		HideSolutionNode = FALSE
	EndGlobalSection
	GlobalSection(NestedProjects) = preSolution
		{24FA2631-F2BF-4891-86FC-7D4F2CD323BC} = {CA4EA39C-39EA-488E-85CE-AF2380D611E4}
		{BEA858FB-19C1-49A9-947E-C67350A4BD45} = {CA4EA39C-39EA-488E-85CE-AF2380D611E4}
		{6B68F3B4-6C0D-4B07-A318-950A6669343E} = {CA4EA39C-39EA-488E-85CE-AF2380D611E4}
		{F37EF53A-4ED9-463C-A5D6-2DBCD15A532A} = {570D0C8C-BAAA-4807-BB86-89C9A1EF3D43}
		{33E50624-8393-4804-B1EB-CD2914A38BC0} = {FC97BB12-B1A2-45EC-B9EF-7E0D8CB8EF75}
		{E3B92AD9-A59E-4C72-8C93-4D78FF476E3D} = {FC97BB12-B1A2-45EC-B9EF-7E0D8CB8EF75}
		{14FC72A2-9B5A-4BF8-8562-5187B306BFF3} = {570D0C8C-BAAA-4807-BB86-89C9A1EF3D43}
	EndGlobalSection
	GlobalSection(ExtensibilityGlobals) = postSolution
		SolutionGuid = {05EE5EB4-1A12-41CE-A0D3-8D90BED66523}
	EndGlobalSection
EndGlobal
